hash: c6d96ef34f36415f7905220224b09e2ab53a264ed944fb3e75985f35c2460657
updated: 2020-06-01T21:43:53.591927839-03:00
imports:
- name: github.com/rs/zerolog
  version: f1dd50b8c64d79be1392edf1d8fda5cedea4916d
  subpackages:
  - internal/cbor
  - internal/json
- name: github.com/uol/funks
  version: f269ed14e2d4a926c50b15abc1b8280691a72142
- name: github.com/uol/hashing
  version: 520f9fe195e130976599e3a495044b6b9aabfcd4
- name: github.com/uol/logh
  version: 04611a676395e92babe6a4e3f5d0aa517ec0b0d5
- name: github.com/uol/scheduler
  version: 3edd7d67bcde61e731d53144259cb50dd0f9931e
- name: github.com/uol/serializer
  version: 97927ecda92eee84fc36f6db384c1ccea8fd32a2
  subpackages:
  - json
  - opentsdb
  - serializer
- name: golang.org/x/crypto
  version: 06a226fb4e3765ef3f48aa2852b401bc7b98e981
  subpackages:
  - sha3
- name: golang.org/x/sys
  version: 05986578812163b26672dabd9b425240ae2bb0ad
  subpackages:
  - cpu
testImports:
- name: github.com/davecgh/go-spew
  version: d8f796af33cc11cb798c1aaeb27a4ebc5099927d
  subpackages:
  - spew
- name: github.com/pmezard/go-difflib
  version: 5d4384ee4fb2527b0a1256a821ebfc92f91efefc
  subpackages:
  - difflib
- name: github.com/stretchr/testify
  version: 221dbe5ed46703ee255b1da0dec05086f5035f62
  subpackages:
  - assert
- name: github.com/uol/gotest
  version: b94df555148ad97bc7b864b127454cb49630b79e
  subpackages:
  - http
  - telnet
  - utils
- name: gopkg.in/yaml.v2
  version: 0b1645d91e851e735d3e23330303ce81f70adbe3
